// !$*UTF8*$!
{
	archiveVersion = 1;
	classes = {
	};
	objectVersion = 50;
	objects = {

/* Begin PBXBuildFile section */
		178B92216566AD5CDCC0B990 /* Pods_LGFTransitionAnimation.framework in Frameworks */ = {isa = PBXBuildFile; fileRef = 5981DA2046BBA57CB888E2C4 /* Pods_LGFTransitionAnimation.framework */; };
		CFA54B58243ABA1C00052A5B /* AppDelegate.swift in Sources */ = {isa = PBXBuildFile; fileRef = CFA54B57243ABA1C00052A5B /* AppDelegate.swift */; };
		CFA54B5C243ABA1C00052A5B /* SlideCellViewController.swift in Sources */ = {isa = PBXBuildFile; fileRef = CFA54B5B243ABA1C00052A5B /* SlideCellViewController.swift */; };
		CFA54B5F243ABA1C00052A5B /* Main.storyboard in Resources */ = {isa = PBXBuildFile; fileRef = CFA54B5D243ABA1C00052A5B /* Main.storyboard */; };
		CFA54B61243ABA1E00052A5B /* Assets.xcassets in Resources */ = {isa = PBXBuildFile; fileRef = CFA54B60243ABA1E00052A5B /* Assets.xcassets */; };
		CFA54B64243ABA1E00052A5B /* LaunchScreen.storyboard in Resources */ = {isa = PBXBuildFile; fileRef = CFA54B62243ABA1E00052A5B /* LaunchScreen.storyboard */; };
		CFA54B6D243ABA5100052A5B /* LGFExtension.swift in Sources */ = {isa = PBXBuildFile; fileRef = CFA54B6C243ABA5100052A5B /* LGFExtension.swift */; };
		CFA54B6F243ABA6600052A5B /* AnimationOfTransititon.swift in Sources */ = {isa = PBXBuildFile; fileRef = CFA54B6E243ABA6600052A5B /* AnimationOfTransititon.swift */; };
		CFA54B71243AD35800052A5B /* CircleViewController.swift in Sources */ = {isa = PBXBuildFile; fileRef = CFA54B70243AD35800052A5B /* CircleViewController.swift */; };
		E726CD1E243D9DBE0098CB63 /* LottieViewController.swift in Sources */ = {isa = PBXBuildFile; fileRef = E726CD1D243D9DBE0098CB63 /* LottieViewController.swift */; };
		E76DD65924502B61000E35AB /* SlideViewController.swift in Sources */ = {isa = PBXBuildFile; fileRef = E76DD65824502B61000E35AB /* SlideViewController.swift */; };
		E7C0D7AD2455809300531081 /* MainViewController.swift in Sources */ = {isa = PBXBuildFile; fileRef = E7C0D7AB2455809300531081 /* MainViewController.swift */; };
		E7C0D7AE2455809300531081 /* MainViewController.xib in Resources */ = {isa = PBXBuildFile; fileRef = E7C0D7AC2455809300531081 /* MainViewController.xib */; };
		E7C0D7B02455842300531081 /* TransitionViewController.swift in Sources */ = {isa = PBXBuildFile; fileRef = E7C0D7AF2455842300531081 /* TransitionViewController.swift */; };
		E7C0D7B5245587FB00531081 /* LGFBaseSlideCell.swift in Sources */ = {isa = PBXBuildFile; fileRef = E7C0D7B3245587FB00531081 /* LGFBaseSlideCell.swift */; };
		E7C0D7B6245587FB00531081 /* LGFScrollSlideCell.swift in Sources */ = {isa = PBXBuildFile; fileRef = E7C0D7B4245587FB00531081 /* LGFScrollSlideCell.swift */; };
		E7C0D7BD24558DB700531081 /* wordpress.json in Resources */ = {isa = PBXBuildFile; fileRef = E7C0D7B824558DB700531081 /* wordpress.json */; };
		E7C0D7BE24558DB700531081 /* star.json in Resources */ = {isa = PBXBuildFile; fileRef = E7C0D7B924558DB700531081 /* star.json */; };
		E7C0D7BF24558DB700531081 /* menu.json in Resources */ = {isa = PBXBuildFile; fileRef = E7C0D7BA24558DB700531081 /* menu.json */; };
		E7C0D7C024558DB700531081 /* spraying.json in Resources */ = {isa = PBXBuildFile; fileRef = E7C0D7BB24558DB700531081 /* spraying.json */; };
		E7C0D7C124558DB700531081 /* trackingapp.json in Resources */ = {isa = PBXBuildFile; fileRef = E7C0D7BC24558DB700531081 /* trackingapp.json */; };
/* End PBXBuildFile section */

/* Begin PBXFileReference section */
		13288E430BEA1A021C0030AA /* Pods-LGFTransitionAnimation.release.xcconfig */ = {isa = PBXFileReference; includeInIndex = 1; lastKnownFileType = text.xcconfig; name = "Pods-LGFTransitionAnimation.release.xcconfig"; path = "Target Support Files/Pods-LGFTransitionAnimation/Pods-LGFTransitionAnimation.release.xcconfig"; sourceTree = "<group>"; };
		3597DCDFB0D5DF7989955601 /* Pods-LGFTransitionAnimation.debug.xcconfig */ = {isa = PBXFileReference; includeInIndex = 1; lastKnownFileType = text.xcconfig; name = "Pods-LGFTransitionAnimation.debug.xcconfig"; path = "Target Support Files/Pods-LGFTransitionAnimation/Pods-LGFTransitionAnimation.debug.xcconfig"; sourceTree = "<group>"; };
		5981DA2046BBA57CB888E2C4 /* Pods_LGFTransitionAnimation.framework */ = {isa = PBXFileReference; explicitFileType = wrapper.framework; includeInIndex = 0; path = Pods_LGFTransitionAnimation.framework; sourceTree = BUILT_PRODUCTS_DIR; };
		CFA54B54243ABA1C00052A5B /* LGFTransitionAnimation.app */ = {isa = PBXFileReference; explicitFileType = wrapper.application; includeInIndex = 0; path = LGFTransitionAnimation.app; sourceTree = BUILT_PRODUCTS_DIR; };
		CFA54B57243ABA1C00052A5B /* AppDelegate.swift */ = {isa = PBXFileReference; lastKnownFileType = sourcecode.swift; path = AppDelegate.swift; sourceTree = "<group>"; };
		CFA54B5B243ABA1C00052A5B /* SlideCellViewController.swift */ = {isa = PBXFileReference; lastKnownFileType = sourcecode.swift; path = SlideCellViewController.swift; sourceTree = "<group>"; };
		CFA54B5E243ABA1C00052A5B /* Base */ = {isa = PBXFileReference; lastKnownFileType = file.storyboard; name = Base; path = Base.lproj/Main.storyboard; sourceTree = "<group>"; };
		CFA54B60243ABA1E00052A5B /* Assets.xcassets */ = {isa = PBXFileReference; lastKnownFileType = folder.assetcatalog; path = Assets.xcassets; sourceTree = "<group>"; };
		CFA54B63243ABA1E00052A5B /* Base */ = {isa = PBXFileReference; lastKnownFileType = file.storyboard; name = Base; path = Base.lproj/LaunchScreen.storyboard; sourceTree = "<group>"; };
		CFA54B65243ABA1E00052A5B /* Info.plist */ = {isa = PBXFileReference; lastKnownFileType = text.plist.xml; path = Info.plist; sourceTree = "<group>"; };
		CFA54B6C243ABA5100052A5B /* LGFExtension.swift */ = {isa = PBXFileReference; lastKnownFileType = sourcecode.swift; path = LGFExtension.swift; sourceTree = "<group>"; };
		CFA54B6E243ABA6600052A5B /* AnimationOfTransititon.swift */ = {isa = PBXFileReference; lastKnownFileType = sourcecode.swift; path = AnimationOfTransititon.swift; sourceTree = "<group>"; };
		CFA54B70243AD35800052A5B /* CircleViewController.swift */ = {isa = PBXFileReference; lastKnownFileType = sourcecode.swift; path = CircleViewController.swift; sourceTree = "<group>"; };
		E726CD1D243D9DBE0098CB63 /* LottieViewController.swift */ = {isa = PBXFileReference; lastKnownFileType = sourcecode.swift; path = LottieViewController.swift; sourceTree = "<group>"; };
		E76DD65824502B61000E35AB /* SlideViewController.swift */ = {isa = PBXFileReference; lastKnownFileType = sourcecode.swift; path = SlideViewController.swift; sourceTree = "<group>"; };
		E7C0D7AB2455809300531081 /* MainViewController.swift */ = {isa = PBXFileReference; lastKnownFileType = sourcecode.swift; path = MainViewController.swift; sourceTree = "<group>"; };
		E7C0D7AC2455809300531081 /* MainViewController.xib */ = {isa = PBXFileReference; lastKnownFileType = file.xib; path = MainViewController.xib; sourceTree = "<group>"; };
		E7C0D7AF2455842300531081 /* TransitionViewController.swift */ = {isa = PBXFileReference; lastKnownFileType = sourcecode.swift; path = TransitionViewController.swift; sourceTree = "<group>"; };
		E7C0D7B3245587FB00531081 /* LGFBaseSlideCell.swift */ = {isa = PBXFileReference; fileEncoding = 4; lastKnownFileType = sourcecode.swift; path = LGFBaseSlideCell.swift; sourceTree = "<group>"; };
		E7C0D7B4245587FB00531081 /* LGFScrollSlideCell.swift */ = {isa = PBXFileReference; fileEncoding = 4; lastKnownFileType = sourcecode.swift; path = LGFScrollSlideCell.swift; sourceTree = "<group>"; };
		E7C0D7B824558DB700531081 /* wordpress.json */ = {isa = PBXFileReference; fileEncoding = 4; lastKnownFileType = text.json; path = wordpress.json; sourceTree = "<group>"; };
		E7C0D7B924558DB700531081 /* star.json */ = {isa = PBXFileReference; fileEncoding = 4; lastKnownFileType = text.json; path = star.json; sourceTree = "<group>"; };
		E7C0D7BA24558DB700531081 /* menu.json */ = {isa = PBXFileReference; fileEncoding = 4; lastKnownFileType = text.json; path = menu.json; sourceTree = "<group>"; };
		E7C0D7BB24558DB700531081 /* spraying.json */ = {isa = PBXFileReference; fileEncoding = 4; lastKnownFileType = text.json; path = spraying.json; sourceTree = "<group>"; };
		E7C0D7BC24558DB700531081 /* trackingapp.json */ = {isa = PBXFileReference; fileEncoding = 4; lastKnownFileType = text.json; path = trackingapp.json; sourceTree = "<group>"; };
/* End PBXFileReference section */

/* Begin PBXFrameworksBuildPhase section */
		CFA54B51243ABA1C00052A5B /* Frameworks */ = {
			isa = PBXFrameworksBuildPhase;
			buildActionMask = 2147483647;
			files = (
				178B92216566AD5CDCC0B990 /* Pods_LGFTransitionAnimation.framework in Frameworks */,
			);
			runOnlyForDeploymentPostprocessing = 0;
		};
/* End PBXFrameworksBuildPhase section */

/* Begin PBXGroup section */
		56756BAD2AE5EDC8DEF139AC /* Frameworks */ = {
			isa = PBXGroup;
			children = (
				5981DA2046BBA57CB888E2C4 /* Pods_LGFTransitionAnimation.framework */,
			);
			name = Frameworks;
			sourceTree = "<group>";
		};
		CFA54B4B243ABA1C00052A5B = {
			isa = PBXGroup;
			children = (
				CFA54B56243ABA1C00052A5B /* LGFTransitionAnimation */,
				CFA54B55243ABA1C00052A5B /* Products */,
				D01030AC0F12817028E19CAB /* Pods */,
				56756BAD2AE5EDC8DEF139AC /* Frameworks */,
			);
			sourceTree = "<group>";
		};
		CFA54B55243ABA1C00052A5B /* Products */ = {
			isa = PBXGroup;
			children = (
				CFA54B54243ABA1C00052A5B /* LGFTransitionAnimation.app */,
			);
			name = Products;
			sourceTree = "<group>";
		};
		CFA54B56243ABA1C00052A5B /* LGFTransitionAnimation */ = {
			isa = PBXGroup;
			children = (
				E7C0D7B724558B9C00531081 /* JsonData */,
				E7C0D7B2245587FB00531081 /* Cell */,
				CFA54B6B243ABA2B00052A5B /* Animation */,
				CFA54B57243ABA1C00052A5B /* AppDelegate.swift */,
				CFA54B5B243ABA1C00052A5B /* SlideCellViewController.swift */,
				E7C0D7AF2455842300531081 /* TransitionViewController.swift */,
				E7C0D7AB2455809300531081 /* MainViewController.swift */,
				E7C0D7AC2455809300531081 /* MainViewController.xib */,
				E76DD65824502B61000E35AB /* SlideViewController.swift */,
				CFA54B70243AD35800052A5B /* CircleViewController.swift */,
				E726CD1D243D9DBE0098CB63 /* LottieViewController.swift */,
				CFA54B5D243ABA1C00052A5B /* Main.storyboard */,
				CFA54B60243ABA1E00052A5B /* Assets.xcassets */,
				CFA54B62243ABA1E00052A5B /* LaunchScreen.storyboard */,
				CFA54B65243ABA1E00052A5B /* Info.plist */,
			);
			path = LGFTransitionAnimation;
			sourceTree = "<group>";
		};
		CFA54B6B243ABA2B00052A5B /* Animation */ = {
			isa = PBXGroup;
			children = (
				CFA54B6C243ABA5100052A5B /* LGFExtension.swift */,
				CFA54B6E243ABA6600052A5B /* AnimationOfTransititon.swift */,
			);
			path = Animation;
			sourceTree = "<group>";
		};
		D01030AC0F12817028E19CAB /* Pods */ = {
			isa = PBXGroup;
			children = (
				3597DCDFB0D5DF7989955601 /* Pods-LGFTransitionAnimation.debug.xcconfig */,
				13288E430BEA1A021C0030AA /* Pods-LGFTransitionAnimation.release.xcconfig */,
			);
			path = Pods;
			sourceTree = "<group>";
		};
		E7C0D7B2245587FB00531081 /* Cell */ = {
			isa = PBXGroup;
			children = (
				E7C0D7B3245587FB00531081 /* LGFBaseSlideCell.swift */,
				E7C0D7B4245587FB00531081 /* LGFScrollSlideCell.swift */,
			);
			path = Cell;
			sourceTree = "<group>";
		};
		E7C0D7B724558B9C00531081 /* JsonData */ = {
			isa = PBXGroup;
			children = (
				E7C0D7BA24558DB700531081 /* menu.json */,
				E7C0D7BB24558DB700531081 /* spraying.json */,
				E7C0D7B924558DB700531081 /* star.json */,
				E7C0D7BC24558DB700531081 /* trackingapp.json */,
				E7C0D7B824558DB700531081 /* wordpress.json */,
			);
			path = JsonData;
			sourceTree = "<group>";
		};
/* End PBXGroup section */

/* Begin PBXNativeTarget section */
		CFA54B53243ABA1C00052A5B /* LGFTransitionAnimation */ = {
			isa = PBXNativeTarget;
			buildConfigurationList = CFA54B68243ABA1E00052A5B /* Build configuration list for PBXNativeTarget "LGFTransitionAnimation" */;
			buildPhases = (
				AE5B08FCF92D32D45844D07D /* [CP] Check Pods Manifest.lock */,
				CFA54B50243ABA1C00052A5B /* Sources */,
				CFA54B51243ABA1C00052A5B /* Frameworks */,
				CFA54B52243ABA1C00052A5B /* Resources */,
				6AB2FDE5259C881A98D44A65 /* [CP] Embed Pods Frameworks */,
			);
			buildRules = (
			);
			dependencies = (
			);
			name = LGFTransitionAnimation;
			productName = LGFTransitionAnimation;
			productReference = CFA54B54243ABA1C00052A5B /* LGFTransitionAnimation.app */;
			productType = "com.apple.product-type.application";
		};
/* End PBXNativeTarget section */

/* Begin PBXProject section */
		CFA54B4C243ABA1C00052A5B /* Project object */ = {
			isa = PBXProject;
			attributes = {
				LastSwiftUpdateCheck = 1130;
				LastUpgradeCheck = 1130;
				ORGANIZATIONNAME = peterlee;
				TargetAttributes = {
					CFA54B53243ABA1C00052A5B = {
						CreatedOnToolsVersion = 11.3.1;
					};
				};
			};
			buildConfigurationList = CFA54B4F243ABA1C00052A5B /* Build configuration list for PBXProject "LGFTransitionAnimation" */;
			compatibilityVersion = "Xcode 9.3";
			developmentRegion = en;
			hasScannedForEncodings = 0;
			knownRegions = (
				en,
				Base,
			);
			mainGroup = CFA54B4B243ABA1C00052A5B;
			productRefGroup = CFA54B55243ABA1C00052A5B /* Products */;
			projectDirPath = "";
			projectRoot = "";
			targets = (
				CFA54B53243ABA1C00052A5B /* LGFTransitionAnimation */,
			);
		};
/* End PBXProject section */

/* Begin PBXResourcesBuildPhase section */
		CFA54B52243ABA1C00052A5B /* Resources */ = {
			isa = PBXResourcesBuildPhase;
			buildActionMask = 2147483647;
			files = (
				CFA54B64243ABA1E00052A5B /* LaunchScreen.storyboard in Resources */,
				E7C0D7BE24558DB700531081 /* star.json in Resources */,
				E7C0D7C024558DB700531081 /* spraying.json in Resources */,
				E7C0D7C124558DB700531081 /* trackingapp.json in Resources */,
				E7C0D7BD24558DB700531081 /* wordpress.json in Resources */,
				CFA54B61243ABA1E00052A5B /* Assets.xcassets in Resources */,
				CFA54B5F243ABA1C00052A5B /* Main.storyboard in Resources */,
				E7C0D7AE2455809300531081 /* MainViewController.xib in Resources */,
				E7C0D7BF24558DB700531081 /* menu.json in Resources */,
			);
			runOnlyForDeploymentPostprocessing = 0;
		};
/* End PBXResourcesBuildPhase section */

/* Begin PBXShellScriptBuildPhase section */
		6AB2FDE5259C881A98D44A65 /* [CP] Embed Pods Frameworks */ = {
			isa = PBXShellScriptBuildPhase;
			buildActionMask = 2147483647;
			files = (
			);
			inputFileListPaths = (
			);
			inputPaths = (
				"${PODS_ROOT}/Target Support Files/Pods-LGFTransitionAnimation/Pods-LGFTransitionAnimation-frameworks.sh",
				"${BUILT_PRODUCTS_DIR}/SwipeCellKit/SwipeCellKit.framework",
				"${BUILT_PRODUCTS_DIR}/lottie-ios/Lottie.framework",
			);
			name = "[CP] Embed Pods Frameworks";
			outputFileListPaths = (
			);
			outputPaths = (
				"${TARGET_BUILD_DIR}/${FRAMEWORKS_FOLDER_PATH}/SwipeCellKit.framework",
				"${TARGET_BUILD_DIR}/${FRAMEWORKS_FOLDER_PATH}/Lottie.framework",
			);
			runOnlyForDeploymentPostprocessing = 0;
			shellPath = /bin/sh;
			shellScript = "\"${PODS_ROOT}/Target Support Files/Pods-LGFTransitionAnimation/Pods-LGFTransitionAnimation-frameworks.sh\"\n";
			showEnvVarsInLog = 0;
		};
		AE5B08FCF92D32D45844D07D /* [CP] Check Pods Manifest.lock */ = {
			isa = PBXShellScriptBuildPhase;
			buildActionMask = 2147483647;
			files = (
			);
			inputFileListPaths = (
			);
			inputPaths = (
				"${PODS_PODFILE_DIR_PATH}/Podfile.lock",
				"${PODS_ROOT}/Manifest.lock",
			);
			name = "[CP] Check Pods Manifest.lock";
			outputFileListPaths = (
			);
			outputPaths = (
				"$(DERIVED_FILE_DIR)/Pods-LGFTransitionAnimation-checkManifestLockResult.txt",
			);
			runOnlyForDeploymentPostprocessing = 0;
			shellPath = /bin/sh;
			shellScript = "diff \"${PODS_PODFILE_DIR_PATH}/Podfile.lock\" \"${PODS_ROOT}/Manifest.lock\" > /dev/null\nif [ $? != 0 ] ; then\n    # print error to STDERR\n    echo \"error: The sandbox is not in sync with the Podfile.lock. Run 'pod install' or update your CocoaPods installation.\" >&2\n    exit 1\nfi\n# This output is used by Xcode 'outputs' to avoid re-running this script phase.\necho \"SUCCESS\" > \"${SCRIPT_OUTPUT_FILE_0}\"\n";
			showEnvVarsInLog = 0;
		};
/* End PBXShellScriptBuildPhase section */

/* Begin PBXSourcesBuildPhase section */
		CFA54B50243ABA1C00052A5B /* Sources */ = {
			isa = PBXSourcesBuildPhase;
			buildActionMask = 2147483647;
			files = (
				E7C0D7B5245587FB00531081 /* LGFBaseSlideCell.swift in Sources */,
				CFA54B5C243ABA1C00052A5B /* SlideCellViewController.swift in Sources */,
				CFA54B6F243ABA6600052A5B /* AnimationOfTransititon.swift in Sources */,
				CFA54B71243AD35800052A5B /* CircleViewController.swift in Sources */,
				CFA54B58243ABA1C00052A5B /* AppDelegate.swift in Sources */,
				E76DD65924502B61000E35AB /* SlideViewController.swift in Sources */,
				CFA54B6D243ABA5100052A5B /* LGFExtension.swift in Sources */,
				E7C0D7B6245587FB00531081 /* LGFScrollSlideCell.swift in Sources */,
				E7C0D7B02455842300531081 /* TransitionViewController.swift in Sources */,
				E726CD1E243D9DBE0098CB63 /* LottieViewController.swift in Sources */,
				E7C0D7AD2455809300531081 /* MainViewController.swift in Sources */,
			);
			runOnlyForDeploymentPostprocessing = 0;
		};
/* End PBXSourcesBuildPhase section */

/* Begin PBXVariantGroup section */
		CFA54B5D243ABA1C00052A5B /* Main.storyboard */ = {
			isa = PBXVariantGroup;
			children = (
				CFA54B5E243ABA1C00052A5B /* Base */,
			);
			name = Main.storyboard;
			sourceTree = "<group>";
		};
		CFA54B62243ABA1E00052A5B /* LaunchScreen.storyboard */ = {
			isa = PBXVariantGroup;
			children = (
				CFA54B63243ABA1E00052A5B /* Base */,
			);
			name = LaunchScreen.storyboard;
			sourceTree = "<group>";
		};
/* End PBXVariantGroup section */

/* Begin XCBuildConfiguration section */
		CFA54B66243ABA1E00052A5B /* Debug */ = {
			isa = XCBuildConfiguration;
			buildSettings = {
				ALWAYS_SEARCH_USER_PATHS = NO;
				CLANG_ANALYZER_NONNULL = YES;
				CLANG_ANALYZER_NUMBER_OBJECT_CONVERSION = YES_AGGRESSIVE;
				CLANG_CXX_LANGUAGE_STANDARD = "gnu++14";
				CLANG_CXX_LIBRARY = "libc++";
				CLANG_ENABLE_MODULES = YES;
				CLANG_ENABLE_OBJC_ARC = YES;
				CLANG_ENABLE_OBJC_WEAK = YES;
				CLANG_WARN_BLOCK_CAPTURE_AUTORELEASING = YES;
				CLANG_WARN_BOOL_CONVERSION = YES;
				CLANG_WARN_COMMA = YES;
				CLANG_WARN_CONSTANT_CONVERSION = YES;
				CLANG_WARN_DEPRECATED_OBJC_IMPLEMENTATIONS = YES;
				CLANG_WARN_DIRECT_OBJC_ISA_USAGE = YES_ERROR;
				CLANG_WARN_DOCUMENTATION_COMMENTS = YES;
				CLANG_WARN_EMPTY_BODY = YES;
				CLANG_WARN_ENUM_CONVERSION = YES;
				CLANG_WARN_INFINITE_RECURSION = YES;
				CLANG_WARN_INT_CONVERSION = YES;
				CLANG_WARN_NON_LITERAL_NULL_CONVERSION = YES;
				CLANG_WARN_OBJC_IMPLICIT_RETAIN_SELF = YES;
				CLANG_WARN_OBJC_LITERAL_CONVERSION = YES;
				CLANG_WARN_OBJC_ROOT_CLASS = YES_ERROR;
				CLANG_WARN_RANGE_LOOP_ANALYSIS = YES;
				CLANG_WARN_STRICT_PROTOTYPES = YES;
				CLANG_WARN_SUSPICIOUS_MOVE = YES;
				CLANG_WARN_UNGUARDED_AVAILABILITY = YES_AGGRESSIVE;
				CLANG_WARN_UNREACHABLE_CODE = YES;
				CLANG_WARN__DUPLICATE_METHOD_MATCH = YES;
				COPY_PHASE_STRIP = NO;
				DEBUG_INFORMATION_FORMAT = dwarf;
				ENABLE_STRICT_OBJC_MSGSEND = YES;
				ENABLE_TESTABILITY = YES;
				GCC_C_LANGUAGE_STANDARD = gnu11;
				GCC_DYNAMIC_NO_PIC = NO;
				GCC_NO_COMMON_BLOCKS = YES;
				GCC_OPTIMIZATION_LEVEL = 0;
				GCC_PREPROCESSOR_DEFINITIONS = (
					"DEBUG=1",
					"$(inherited)",
				);
				GCC_WARN_64_TO_32_BIT_CONVERSION = YES;
				GCC_WARN_ABOUT_RETURN_TYPE = YES_ERROR;
				GCC_WARN_UNDECLARED_SELECTOR = YES;
				GCC_WARN_UNINITIALIZED_AUTOS = YES_AGGRESSIVE;
				GCC_WARN_UNUSED_FUNCTION = YES;
				GCC_WARN_UNUSED_VARIABLE = YES;
				IPHONEOS_DEPLOYMENT_TARGET = 10.0;
				MTL_ENABLE_DEBUG_INFO = INCLUDE_SOURCE;
				MTL_FAST_MATH = YES;
				ONLY_ACTIVE_ARCH = YES;
				SDKROOT = iphoneos;
				SWIFT_ACTIVE_COMPILATION_CONDITIONS = DEBUG;
				SWIFT_OPTIMIZATION_LEVEL = "-Onone";
			};
			name = Debug;
		};
		CFA54B67243ABA1E00052A5B /* Release */ = {
			isa = XCBuildConfiguration;
			buildSettings = {
				ALWAYS_SEARCH_USER_PATHS = NO;
				CLANG_ANALYZER_NONNULL = YES;
				CLANG_ANALYZER_NUMBER_OBJECT_CONVERSION = YES_AGGRESSIVE;
				CLANG_CXX_LANGUAGE_STANDARD = "gnu++14";
				CLANG_CXX_LIBRARY = "libc++";
				CLANG_ENABLE_MODULES = YES;
				CLANG_ENABLE_OBJC_ARC = YES;
				CLANG_ENABLE_OBJC_WEAK = YES;
				CLANG_WARN_BLOCK_CAPTURE_AUTORELEASING = YES;
				CLANG_WARN_BOOL_CONVERSION = YES;
				CLANG_WARN_COMMA = YES;
				CLANG_WARN_CONSTANT_CONVERSION = YES;
				CLANG_WARN_DEPRECATED_OBJC_IMPLEMENTATIONS = YES;
				CLANG_WARN_DIRECT_OBJC_ISA_USAGE = YES_ERROR;
				CLANG_WARN_DOCUMENTATION_COMMENTS = YES;
				CLANG_WARN_EMPTY_BODY = YES;
				CLANG_WARN_ENUM_CONVERSION = YES;
				CLANG_WARN_INFINITE_RECURSION = YES;
				CLANG_WARN_INT_CONVERSION = YES;
				CLANG_WARN_NON_LITERAL_NULL_CONVERSION = YES;
				CLANG_WARN_OBJC_IMPLICIT_RETAIN_SELF = YES;
				CLANG_WARN_OBJC_LITERAL_CONVERSION = YES;
				CLANG_WARN_OBJC_ROOT_CLASS = YES_ERROR;
				CLANG_WARN_RANGE_LOOP_ANALYSIS = YES;
				CLANG_WARN_STRICT_PROTOTYPES = YES;
				CLANG_WARN_SUSPICIOUS_MOVE = YES;
				CLANG_WARN_UNGUARDED_AVAILABILITY = YES_AGGRESSIVE;
				CLANG_WARN_UNREACHABLE_CODE = YES;
				CLANG_WARN__DUPLICATE_METHOD_MATCH = YES;
				COPY_PHASE_STRIP = NO;
				DEBUG_INFORMATION_FORMAT = "dwarf-with-dsym";
				ENABLE_NS_ASSERTIONS = NO;
				ENABLE_STRICT_OBJC_MSGSEND = YES;
				GCC_C_LANGUAGE_STANDARD = gnu11;
				GCC_NO_COMMON_BLOCKS = YES;
				GCC_WARN_64_TO_32_BIT_CONVERSION = YES;
				GCC_WARN_ABOUT_RETURN_TYPE = YES_ERROR;
				GCC_WARN_UNDECLARED_SELECTOR = YES;
				GCC_WARN_UNINITIALIZED_AUTOS = YES_AGGRESSIVE;
				GCC_WARN_UNUSED_FUNCTION = YES;
				GCC_WARN_UNUSED_VARIABLE = YES;
				IPHONEOS_DEPLOYMENT_TARGET = 10.0;
				MTL_ENABLE_DEBUG_INFO = NO;
				MTL_FAST_MATH = YES;
				SDKROOT = iphoneos;
				SWIFT_COMPILATION_MODE = wholemodule;
				SWIFT_OPTIMIZATION_LEVEL = "-O";
				VALIDATE_PRODUCT = YES;
			};
			name = Release;
		};
		CFA54B69243ABA1E00052A5B /* Debug */ = {
			isa = XCBuildConfiguration;
			baseConfigurationReference = 3597DCDFB0D5DF7989955601 /* Pods-LGFTransitionAnimation.debug.xcconfig */;
			buildSettings = {
				ASSETCATALOG_COMPILER_APPICON_NAME = AppIcon;
				CODE_SIGN_STYLE = Automatic;
				DEVELOPMENT_TEAM = 7QSMBHVDKR;
				INFOPLIST_FILE = LGFTransitionAnimation/Info.plist;
				IPHONEOS_DEPLOYMENT_TARGET = 10.0;
				LD_RUNPATH_SEARCH_PATHS = (
					"$(inherited)",
					"@executable_path/Frameworks",
				);
				PRODUCT_BUNDLE_IDENTIFIER = LGF.LGFTransitionAnimation;
				PRODUCT_NAME = "$(TARGET_NAME)";
				SWIFT_VERSION = 5.0;
				TARGETED_DEVICE_FAMILY = "1,2";
			};
			name = Debug;
		};
		CFA54B6A243ABA1E00052A5B /* Release */ = {
			isa = XCBuildConfiguration;
			baseConfigurationReference = 13288E430BEA1A021C0030AA /* Pods-LGFTransitionAnimation.release.xcconfig */;
			buildSettings = {
				ASSETCATALOG_COMPILER_APPICON_NAME = AppIcon;
				CODE_SIGN_STYLE = Automatic;
				DEVELOPMENT_TEAM = 7QSMBHVDKR;
				INFOPLIST_FILE = LGFTransitionAnimation/Info.plist;
				IPHONEOS_DEPLOYMENT_TARGET = 10.0;
				LD_RUNPATH_SEARCH_PATHS = (
					"$(inherited)",
					"@executable_path/Frameworks",
				);
				PRODUCT_BUNDLE_IDENTIFIER = LGF.LGFTransitionAnimation;
				PRODUCT_NAME = "$(TARGET_NAME)";
				SWIFT_VERSION = 5.0;
				TARGETED_DEVICE_FAMILY = "1,2";
			};
			name = Release;
		};
/* End XCBuildConfiguration section */

/* Begin XCConfigurationList section */
		CFA54B4F243ABA1C00052A5B /* Build configuration list for PBXProject "LGFTransitionAnimation" */ = {
			isa = XCConfigurationList;
			buildConfigurations = (
				CFA54B66243ABA1E00052A5B /* Debug */,
				CFA54B67243ABA1E00052A5B /* Release */,
			);
			defaultConfigurationIsVisible = 0;
			defaultConfigurationName = Release;
		};
		CFA54B68243ABA1E00052A5B /* Build configuration list for PBXNativeTarget "LGFTransitionAnimation" */ = {
			isa = XCConfigurationList;
			buildConfigurations = (
				CFA54B69243ABA1E00052A5B /* Debug */,
				CFA54B6A243ABA1E00052A5B /* Release */,
			);
			defaultConfigurationIsVisible = 0;
			defaultConfigurationName = Release;
		};
/* End XCConfigurationList section */
	};
	rootObject = CFA54B4C243ABA1C00052A5B /* Project object */;
}
